// !$*UTF8*$!
{
	archiveVersion = 1;
	classes = {
	};
	objectVersion = 46;
	objects = {
/* Begin PBXBuildFile section */
		858B842D18CA22B800AB12DE /* InfoPlist.strings in Resources */ = {isa = PBXBuildFile; fileRef = 858B833A18CA111C00AB12DE /* InfoPlist.strings */; };
		CD45EE7C18DC2D5800FB50C0 /* app in Resources */ = {isa = PBXBuildFile; fileRef = CD45EE7A18DC2D5800FB50C0 /* app */; };
		CD62955D1BB2678900AE3A93 /* main.m in Sources */ = {isa = PBXBuildFile; fileRef = CD62955C1BB2678900AE3A93 /* main.m */; };
		15610F11F5504624B18940E2 /* Assets.xcassets in Resources */ = {isa = PBXBuildFile; fileRef = 8158A22BE9E74AA0BFA2B128 /* Assets.xcassets */; };
		9A364DE2841C4A53ADEA0DBA /* LaunchScreen.storyboard in Resources */ = {isa = PBXBuildFile; fileRef = EC2B23EEDAA746F7BA9C4628 /* LaunchScreen.storyboard */; };
		97152888F013473EB6B2644B /* build.xcconfig in Resources */ = {isa = PBXBuildFile; fileRef = 7A755947B2334578987098DC /* build.xcconfig */; };
		3279224E6DB0499987546BB4 /* navigation in Resources */ = {isa = PBXBuildFile; fileRef = 0247F655E149476BA27B0AD4 /* navigation */; };
		E03D0E1C11A641F2A6C41A9D /* TNSAutoComplete.framework in Frameworks */ = {isa = PBXBuildFile; fileRef = 59D742627ECE4232869039ED /* TNSAutoComplete.framework */; };
		BBCDDF31C6074F06A21AED2F /* TNSAutoComplete.framework in Embed Frameworks */ = {isa = PBXBuildFile; fileRef = 59D742627ECE4232869039ED /* TNSAutoComplete.framework */; settings = {ATTRIBUTES = (CodeSignOnCopy, RemoveHeadersOnCopy, ); }; };
		B4345DF2AF6544829B5A9D4B /* TNSCalendar.framework in Frameworks */ = {isa = PBXBuildFile; fileRef = 903D4DDF688741EBBB4646B4 /* TNSCalendar.framework */; };
		9928272C55494B489D7DE750 /* TNSCalendar.framework in Embed Frameworks */ = {isa = PBXBuildFile; fileRef = 903D4DDF688741EBBB4646B4 /* TNSCalendar.framework */; settings = {ATTRIBUTES = (CodeSignOnCopy, RemoveHeadersOnCopy, ); }; };
		4C10142C01954658B9F6032F /* TNSChart.framework in Frameworks */ = {isa = PBXBuildFile; fileRef = 03A3ED9321F3487B8E41994D /* TNSChart.framework */; };
		A7AAE71F65F3440D8CA86108 /* TNSChart.framework in Embed Frameworks */ = {isa = PBXBuildFile; fileRef = 03A3ED9321F3487B8E41994D /* TNSChart.framework */; settings = {ATTRIBUTES = (CodeSignOnCopy, RemoveHeadersOnCopy, ); }; };
		3FBDD60CA17B45A8A6990C04 /* TNSCore.framework in Frameworks */ = {isa = PBXBuildFile; fileRef = 224F5F3F138E4524B969967C /* TNSCore.framework */; };
		5D7AE5B62B164E8A9C6EA23B /* TNSCore.framework in Embed Frameworks */ = {isa = PBXBuildFile; fileRef = 224F5F3F138E4524B969967C /* TNSCore.framework */; settings = {ATTRIBUTES = (CodeSignOnCopy, RemoveHeadersOnCopy, ); }; };
		FB3B014DFFC84ED19200F5A0 /* TNSDataForm.framework in Frameworks */ = {isa = PBXBuildFile; fileRef = 41FDCD1F7EA545B7BBDA4ADF /* TNSDataForm.framework */; };
		51F85D5043E74F79A96F6567 /* TNSDataForm.framework in Embed Frameworks */ = {isa = PBXBuildFile; fileRef = 41FDCD1F7EA545B7BBDA4ADF /* TNSDataForm.framework */; settings = {ATTRIBUTES = (CodeSignOnCopy, RemoveHeadersOnCopy, ); }; };
		DE708E26ECE849A5A118FDB0 /* TNSGauge.framework in Frameworks */ = {isa = PBXBuildFile; fileRef = 440A017253054C3C95046851 /* TNSGauge.framework */; };
		03EA406AC5C0409495B90919 /* TNSGauge.framework in Embed Frameworks */ = {isa = PBXBuildFile; fileRef = 440A017253054C3C95046851 /* TNSGauge.framework */; settings = {ATTRIBUTES = (CodeSignOnCopy, RemoveHeadersOnCopy, ); }; };
		46A4FB4D96F74851912D3D87 /* TNSListView.framework in Frameworks */ = {isa = PBXBuildFile; fileRef = 88F1A7BE89C1405B9AA22A38 /* TNSListView.framework */; };
		CCF2F494559344E9929E9204 /* TNSListView.framework in Embed Frameworks */ = {isa = PBXBuildFile; fileRef = 88F1A7BE89C1405B9AA22A38 /* TNSListView.framework */; settings = {ATTRIBUTES = (CodeSignOnCopy, RemoveHeadersOnCopy, ); }; };
		5222324BFE5E41A689E466EC /* TNSSideDrawer.framework in Frameworks */ = {isa = PBXBuildFile; fileRef = F4B706D1E7F6493A90AA4F74 /* TNSSideDrawer.framework */; };
		C97C4E199E584BA99FD346C7 /* TNSSideDrawer.framework in Embed Frameworks */ = {isa = PBXBuildFile; fileRef = F4B706D1E7F6493A90AA4F74 /* TNSSideDrawer.framework */; settings = {ATTRIBUTES = (CodeSignOnCopy, RemoveHeadersOnCopy, ); }; };
		622C5D86C41C408D871DBDF4 /* TelerikAppFeedback.framework in Frameworks */ = {isa = PBXBuildFile; fileRef = 3470AA9184334D8CB6CC5C7F /* TelerikAppFeedback.framework */; };
		759180C2D8A946AE9FA5C951 /* TelerikAppFeedback.framework in Embed Frameworks */ = {isa = PBXBuildFile; fileRef = 3470AA9184334D8CB6CC5C7F /* TelerikAppFeedback.framework */; settings = {ATTRIBUTES = (CodeSignOnCopy, RemoveHeadersOnCopy, ); }; };
		4BF2FA510AFF43CDA2A3B82C /* TNSWidgets.framework in Frameworks */ = {isa = PBXBuildFile; fileRef = CF055D5D0D2E4094A3FF837B /* TNSWidgets.framework */; };
		7ED4B41C0D454F1D98872369 /* TNSWidgets.framework in Embed Frameworks */ = {isa = PBXBuildFile; fileRef = CF055D5D0D2E4094A3FF837B /* TNSWidgets.framework */; settings = {ATTRIBUTES = (CodeSignOnCopy, RemoveHeadersOnCopy, ); }; };
/* End PBXBuildFile section */

/* Begin PBXCopyFilesBuildPhase section */
		85F5BDFC1A9363BE006B9701 /* Embed Frameworks */ = {
			isa = PBXCopyFilesBuildPhase;
			buildActionMask = 2147483647;
			dstPath = "";
			dstSubfolderSpec = 10;
			files = (
				BBCDDF31C6074F06A21AED2F /* TNSAutoComplete.framework in Embed Frameworks */,
				9928272C55494B489D7DE750 /* TNSCalendar.framework in Embed Frameworks */,
				A7AAE71F65F3440D8CA86108 /* TNSChart.framework in Embed Frameworks */,
				5D7AE5B62B164E8A9C6EA23B /* TNSCore.framework in Embed Frameworks */,
				51F85D5043E74F79A96F6567 /* TNSDataForm.framework in Embed Frameworks */,
				03EA406AC5C0409495B90919 /* TNSGauge.framework in Embed Frameworks */,
				CCF2F494559344E9929E9204 /* TNSListView.framework in Embed Frameworks */,
				C97C4E199E584BA99FD346C7 /* TNSSideDrawer.framework in Embed Frameworks */,
				759180C2D8A946AE9FA5C951 /* TelerikAppFeedback.framework in Embed Frameworks */,
				7ED4B41C0D454F1D98872369 /* TNSWidgets.framework in Embed Frameworks */,
			);
			name = "Embed Frameworks";
			runOnlyForDeploymentPostprocessing = 0;
		};
/* End PBXCopyFilesBuildPhase section */

/* Begin PBXFileReference section */
		858B832E18CA111C00AB12DE /* MonsterHunterWorldDB.app */ = {isa = PBXFileReference; explicitFileType = wrapper.application; includeInIndex = 0; path = MonsterHunterWorldDB.app; sourceTree = BUILT_PRODUCTS_DIR; };
		858B833918CA111C00AB12DE /* MonsterHunterWorldDB-Info.plist */ = {isa = PBXFileReference; lastKnownFileType = text.plist.xml; path = "MonsterHunterWorldDB-Info.plist"; sourceTree = "<group>"; };
		858B833B18CA111C00AB12DE /* en */ = {isa = PBXFileReference; lastKnownFileType = text.plist.strings; name = en; path = en.lproj/InfoPlist.strings; sourceTree = "<group>"; };
		858B833F18CA111C00AB12DE /* MonsterHunterWorldDB-Prefix.pch */ = {isa = PBXFileReference; lastKnownFileType = sourcecode.c.h; path = "MonsterHunterWorldDB-Prefix.pch"; sourceTree = "<group>"; };
		858B843318CA22B800AB12DE /* MonsterHunterWorldDB.app */ = {isa = PBXFileReference; explicitFileType = wrapper.application; includeInIndex = 0; path = MonsterHunterWorldDB.app; sourceTree = BUILT_PRODUCTS_DIR; };
		CD45EE7A18DC2D5800FB50C0 /* app */ = {isa = PBXFileReference; lastKnownFileType = folder; path = app; sourceTree = "<group>"; };
		CD62955C1BB2678900AE3A93 /* main.m */ = {isa = PBXFileReference; fileEncoding = 4; lastKnownFileType = sourcecode.c.objc; name = main.m; path = internal/main.m; sourceTree = SOURCE_ROOT; };
		CDD59A261BB43B5D00EC2671 /* build-debug.xcconfig */ = {isa = PBXFileReference; fileEncoding = 4; lastKnownFileType = text.xcconfig; path = "build-debug.xcconfig"; sourceTree = "<group>"; };
		CDD59A271BB43B5D00EC2671 /* build-release.xcconfig */ = {isa = PBXFileReference; fileEncoding = 4; lastKnownFileType = text.xcconfig; path = "build-release.xcconfig"; sourceTree = "<group>"; };
		CDF4743E1BA4855C0087EA85 /* build.xcconfig */ = {isa = PBXFileReference; fileEncoding = 4; lastKnownFileType = text.xcconfig; path = build.xcconfig; sourceTree = "<group>"; };
		8158A22BE9E74AA0BFA2B128 /* Assets.xcassets */ = {isa = PBXFileReference; lastKnownFileType = unknown; name = Assets.xcassets; path = "MonsterHunterWorldDB/Resources/Assets.xcassets"; sourceTree = "<group>"; fileEncoding = 4; };
		EC2B23EEDAA746F7BA9C4628 /* LaunchScreen.storyboard */ = {isa = PBXFileReference; lastKnownFileType = unknown; name = LaunchScreen.storyboard; path = "MonsterHunterWorldDB/Resources/LaunchScreen.storyboard"; sourceTree = "<group>"; fileEncoding = 4; };
		7A755947B2334578987098DC /* build.xcconfig */ = {isa = PBXFileReference; lastKnownFileType = unknown; name = build.xcconfig; path = "MonsterHunterWorldDB/Resources/build.xcconfig"; sourceTree = "<group>"; fileEncoding = 4; };
		0247F655E149476BA27B0AD4 /* navigation */ = {isa = PBXFileReference; lastKnownFileType = unknown; name = "navigation"; path = "MonsterHunterWorldDB/Resources/navigation"; sourceTree = "<group>"; fileEncoding = 4; };
		59D742627ECE4232869039ED /* TNSAutoComplete.framework */ = {isa = PBXFileReference; lastKnownFileType = wrapper.framework; name = TNSAutoComplete.framework; path = "$(SRCROOT)/../../node_modules/nativescript-pro-ui/platforms/ios/TNSAutoComplete.framework"; sourceTree = "<group>"; };
		903D4DDF688741EBBB4646B4 /* TNSCalendar.framework */ = {isa = PBXFileReference; lastKnownFileType = wrapper.framework; name = TNSCalendar.framework; path = "$(SRCROOT)/../../node_modules/nativescript-pro-ui/platforms/ios/TNSCalendar.framework"; sourceTree = "<group>"; };
		03A3ED9321F3487B8E41994D /* TNSChart.framework */ = {isa = PBXFileReference; lastKnownFileType = wrapper.framework; name = TNSChart.framework; path = "$(SRCROOT)/../../node_modules/nativescript-pro-ui/platforms/ios/TNSChart.framework"; sourceTree = "<group>"; };
		224F5F3F138E4524B969967C /* TNSCore.framework */ = {isa = PBXFileReference; lastKnownFileType = wrapper.framework; name = TNSCore.framework; path = "$(SRCROOT)/../../node_modules/nativescript-pro-ui/platforms/ios/TNSCore.framework"; sourceTree = "<group>"; };
		41FDCD1F7EA545B7BBDA4ADF /* TNSDataForm.framework */ = {isa = PBXFileReference; lastKnownFileType = wrapper.framework; name = TNSDataForm.framework; path = "$(SRCROOT)/../../node_modules/nativescript-pro-ui/platforms/ios/TNSDataForm.framework"; sourceTree = "<group>"; };
		440A017253054C3C95046851 /* TNSGauge.framework */ = {isa = PBXFileReference; lastKnownFileType = wrapper.framework; name = TNSGauge.framework; path = "$(SRCROOT)/../../node_modules/nativescript-pro-ui/platforms/ios/TNSGauge.framework"; sourceTree = "<group>"; };
		88F1A7BE89C1405B9AA22A38 /* TNSListView.framework */ = {isa = PBXFileReference; lastKnownFileType = wrapper.framework; name = TNSListView.framework; path = "$(SRCROOT)/../../node_modules/nativescript-pro-ui/platforms/ios/TNSListView.framework"; sourceTree = "<group>"; };
		F4B706D1E7F6493A90AA4F74 /* TNSSideDrawer.framework */ = {isa = PBXFileReference; lastKnownFileType = wrapper.framework; name = TNSSideDrawer.framework; path = "$(SRCROOT)/../../node_modules/nativescript-pro-ui/platforms/ios/TNSSideDrawer.framework"; sourceTree = "<group>"; };
		3470AA9184334D8CB6CC5C7F /* TelerikAppFeedback.framework */ = {isa = PBXFileReference; lastKnownFileType = wrapper.framework; name = TelerikAppFeedback.framework; path = "$(SRCROOT)/../../node_modules/nativescript-pro-ui/platforms/ios/TelerikAppFeedback.framework"; sourceTree = "<group>"; };
		CF055D5D0D2E4094A3FF837B /* TNSWidgets.framework */ = {isa = PBXFileReference; lastKnownFileType = wrapper.framework; name = TNSWidgets.framework; path = "$(SRCROOT)/../../node_modules/tns-core-modules-widgets/platforms/ios/TNSWidgets.framework"; sourceTree = "<group>"; };
/* End PBXFileReference section */

/* Begin PBXFrameworksBuildPhase section */
		858B83F418CA22B800AB12DE /* Frameworks */ = {
			isa = PBXFrameworksBuildPhase;
			buildActionMask = 2147483647;
			files = (
				E03D0E1C11A641F2A6C41A9D /* TNSAutoComplete.framework in Frameworks */,
				B4345DF2AF6544829B5A9D4B /* TNSCalendar.framework in Frameworks */,
				4C10142C01954658B9F6032F /* TNSChart.framework in Frameworks */,
				3FBDD60CA17B45A8A6990C04 /* TNSCore.framework in Frameworks */,
				FB3B014DFFC84ED19200F5A0 /* TNSDataForm.framework in Frameworks */,
				DE708E26ECE849A5A118FDB0 /* TNSGauge.framework in Frameworks */,
				46A4FB4D96F74851912D3D87 /* TNSListView.framework in Frameworks */,
				5222324BFE5E41A689E466EC /* TNSSideDrawer.framework in Frameworks */,
				622C5D86C41C408D871DBDF4 /* TelerikAppFeedback.framework in Frameworks */,
				4BF2FA510AFF43CDA2A3B82C /* TNSWidgets.framework in Frameworks */,
			);
			runOnlyForDeploymentPostprocessing = 0;
		};
/* End PBXFrameworksBuildPhase section */

/* Begin PBXGroup section */
		858B832518CA111C00AB12DE = {
			isa = PBXGroup;
			children = (
				E070579D1B39A9D000214BF1 /* Resources */,
				858B833718CA111C00AB12DE /* MonsterHunterWorldDB */,
				858B833018CA111C00AB12DE /* Frameworks */,
				858B832F18CA111C00AB12DE /* Products */,
			);
			sourceTree = "<group>";
		};
		858B832F18CA111C00AB12DE /* Products */ = {
			isa = PBXGroup;
			children = (
				858B832E18CA111C00AB12DE /* MonsterHunterWorldDB.app */,
				858B843318CA22B800AB12DE /* MonsterHunterWorldDB.app */,
			);
			name = Products;
			sourceTree = "<group>";
		};
		858B833018CA111C00AB12DE /* Frameworks */ = {
			isa = PBXGroup;
			children = (
				59D742627ECE4232869039ED /* TNSAutoComplete.framework */,
				903D4DDF688741EBBB4646B4 /* TNSCalendar.framework */,
				03A3ED9321F3487B8E41994D /* TNSChart.framework */,
				224F5F3F138E4524B969967C /* TNSCore.framework */,
				41FDCD1F7EA545B7BBDA4ADF /* TNSDataForm.framework */,
				440A017253054C3C95046851 /* TNSGauge.framework */,
				88F1A7BE89C1405B9AA22A38 /* TNSListView.framework */,
				F4B706D1E7F6493A90AA4F74 /* TNSSideDrawer.framework */,
				3470AA9184334D8CB6CC5C7F /* TelerikAppFeedback.framework */,
				CF055D5D0D2E4094A3FF837B /* TNSWidgets.framework */,
			);
			name = Frameworks;
			sourceTree = "<group>";
		};
		858B833718CA111C00AB12DE /* MonsterHunterWorldDB */ = {
			isa = PBXGroup;
			children = (
				CD45EE7A18DC2D5800FB50C0 /* app */,
				858B833818CA111C00AB12DE /* Supporting Files */,
			);
			path = MonsterHunterWorldDB;
			sourceTree = "<group>";
		};
		858B833818CA111C00AB12DE /* Supporting Files */ = {
			isa = PBXGroup;
			children = (
				CDF4743E1BA4855C0087EA85 /* build.xcconfig */,
				CDD59A261BB43B5D00EC2671 /* build-debug.xcconfig */,
				CDD59A271BB43B5D00EC2671 /* build-release.xcconfig */,
				858B833918CA111C00AB12DE /* MonsterHunterWorldDB-Info.plist */,
				858B833A18CA111C00AB12DE /* InfoPlist.strings */,
				CD62955C1BB2678900AE3A93 /* main.m */,
				858B833F18CA111C00AB12DE /* MonsterHunterWorldDB-Prefix.pch */,
			);
			name = "Supporting Files";
			sourceTree = "<group>";
		};
		E070579D1B39A9D000214BF1 /* Resources */ = {
			isa = PBXGroup;
			children = (
				8158A22BE9E74AA0BFA2B128 /* Assets.xcassets */,
				EC2B23EEDAA746F7BA9C4628 /* LaunchScreen.storyboard */,
				7A755947B2334578987098DC /* build.xcconfig */,
				0247F655E149476BA27B0AD4 /* navigation */,
			);
			name = Resources;
			sourceTree = "<group>";
		};
/* End PBXGroup section */

/* Begin PBXNativeTarget section */
		858B83EF18CA22B800AB12DE /* MonsterHunterWorldDB */ = {
			isa = PBXNativeTarget;
			buildConfigurationList = 858B843018CA22B800AB12DE /* Build configuration list for PBXNativeTarget "MonsterHunterWorldDB" */;
			buildPhases = (
				C97FD7AC1ADE5369004DB2A4 /* NativeScript PreBuild */,
				858B83F218CA22B800AB12DE /* Sources */,
				CD62955B1BB2651D00AE3A93 /* NativeScript PreLink */,
				858B83F418CA22B800AB12DE /* Frameworks */,
				858B842C18CA22B800AB12DE /* Resources */,
				85F5BDFC1A9363BE006B9701 /* Embed Frameworks */,
				CD3EAD351B05FF060042DBFC /* NativeScript PostBuild */,
			);
			buildRules = (
			);
			dependencies = (
			);
			name = MonsterHunterWorldDB;
			productName = JDBridgeApp;
			productReference = 858B843318CA22B800AB12DE /* MonsterHunterWorldDB.app */;
			productType = "com.apple.product-type.application";
		};
/* End PBXNativeTarget section */

/* Begin PBXProject section */
		858B832618CA111C00AB12DE /* Project object */ = {
			isa = PBXProject;
			attributes = {
				CLASSPREFIX = TNS;
				LastUpgradeCheck = 500;
				ORGANIZATIONNAME = Telerik;
			};
			buildConfigurationList = 858B832918CA111C00AB12DE /* Build configuration list for PBXProject "MonsterHunterWorldDB" */;
			compatibilityVersion = "Xcode 3.2";
			developmentRegion = English;
			hasScannedForEncodings = 0;
			knownRegions = (
				en,
			);
			mainGroup = 858B832518CA111C00AB12DE;
			productRefGroup = 858B832F18CA111C00AB12DE /* Products */;
			projectDirPath = "";
			projectRoot = "";
			targets = (
				858B83EF18CA22B800AB12DE /* MonsterHunterWorldDB */,
			);
		};
/* End PBXProject section */

/* Begin PBXResourcesBuildPhase section */
		858B842C18CA22B800AB12DE /* Resources */ = {
			isa = PBXResourcesBuildPhase;
			buildActionMask = 2147483647;
			files = (
				CD45EE7C18DC2D5800FB50C0 /* app in Resources */,
				858B842D18CA22B800AB12DE /* InfoPlist.strings in Resources */,
				15610F11F5504624B18940E2 /* Assets.xcassets in Resources */,
				9A364DE2841C4A53ADEA0DBA /* LaunchScreen.storyboard in Resources */,
				97152888F013473EB6B2644B /* build.xcconfig in Resources */,
				3279224E6DB0499987546BB4 /* navigation in Resources */,
			);
			runOnlyForDeploymentPostprocessing = 0;
		};
/* End PBXResourcesBuildPhase section */

/* Begin PBXShellScriptBuildPhase section */
		C97FD7AC1ADE5369004DB2A4 /* NativeScript PreBuild */ = {
			isa = PBXShellScriptBuildPhase;
			buildActionMask = 2147483647;
			files = (
			);
			inputPaths = (
			);
			name = "NativeScript PreBuild";
			outputPaths = (
			);
			runOnlyForDeploymentPostprocessing = 0;
			shellPath = /bin/sh;
			shellScript = "\"$SRCROOT/internal/nativescript-pre-build\"";
			showEnvVarsInLog = 0;
		};
		CD3EAD351B05FF060042DBFC /* NativeScript PostBuild */ = {
			isa = PBXShellScriptBuildPhase;
			buildActionMask = 2147483647;
			files = (
			);
			inputPaths = (
			);
			name = "NativeScript PostBuild";
			outputPaths = (
			);
			runOnlyForDeploymentPostprocessing = 0;
			shellPath = /bin/sh;
			shellScript = "\"$SRCROOT/internal/nativescript-post-build\"";
			showEnvVarsInLog = 0;
		};
		CD62955B1BB2651D00AE3A93 /* NativeScript PreLink */ = {
			isa = PBXShellScriptBuildPhase;
			buildActionMask = 2147483647;
			files = (
			);
			inputPaths = (
			);
			name = "NativeScript PreLink";
			outputPaths = (
			);
			runOnlyForDeploymentPostprocessing = 0;
			shellPath = /bin/sh;
			shellScript = "\"$SRCROOT/internal/nativescript-pre-link\"";
			showEnvVarsInLog = 0;
		};
/* End PBXShellScriptBuildPhase section */

/* Begin PBXSourcesBuildPhase section */
		858B83F218CA22B800AB12DE /* Sources */ = {
			isa = PBXSourcesBuildPhase;
			buildActionMask = 2147483647;
			files = (
				CD62955D1BB2678900AE3A93 /* main.m in Sources */,
			);
			runOnlyForDeploymentPostprocessing = 0;
		};
/* End PBXSourcesBuildPhase section */

/* Begin PBXVariantGroup section */
		858B833A18CA111C00AB12DE /* InfoPlist.strings */ = {
			isa = PBXVariantGroup;
			children = (
				858B833B18CA111C00AB12DE /* en */,
			);
			name = InfoPlist.strings;
			sourceTree = "<group>";
		};
/* End PBXVariantGroup section */

/* Begin XCBuildConfiguration section */
		858B835818CA111C00AB12DE /* Debug */ = {
			isa = XCBuildConfiguration;
			buildSettings = {
				ALWAYS_SEARCH_USER_PATHS = NO;
				ARCHS = "$(ARCHS_STANDARD)";
				CLANG_CXX_LANGUAGE_STANDARD = "gnu++0x";
				CLANG_CXX_LIBRARY = "libc++";
				CLANG_ENABLE_MODULES = YES;
				CLANG_ENABLE_OBJC_ARC = YES;
				CLANG_WARN_BOOL_CONVERSION = YES;
				CLANG_WARN_CONSTANT_CONVERSION = YES;
				CLANG_WARN_DIRECT_OBJC_ISA_USAGE = YES_ERROR;
				CLANG_WARN_EMPTY_BODY = YES;
				CLANG_WARN_ENUM_CONVERSION = YES;
				CLANG_WARN_INT_CONVERSION = YES;
				CLANG_WARN_OBJC_ROOT_CLASS = YES_ERROR;
				CLANG_WARN__DUPLICATE_METHOD_MATCH = YES;
				"CODE_SIGN_IDENTITY[sdk=iphoneos*]" = "iPhone Developer";
				COPY_PHASE_STRIP = NO;
				GCC_C_LANGUAGE_STANDARD = gnu99;
				GCC_DYNAMIC_NO_PIC = NO;
				GCC_OPTIMIZATION_LEVEL = 0;
				GCC_SYMBOLS_PRIVATE_EXTERN = NO;
				GCC_WARN_64_TO_32_BIT_CONVERSION = YES;
				GCC_WARN_ABOUT_RETURN_TYPE = YES_ERROR;
				GCC_WARN_UNDECLARED_SELECTOR = YES;
				GCC_WARN_UNINITIALIZED_AUTOS = YES;
				GCC_WARN_UNUSED_FUNCTION = YES;
				GCC_WARN_UNUSED_VARIABLE = YES;
				IPHONEOS_DEPLOYMENT_TARGET = 8.0;
				ONLY_ACTIVE_ARCH = YES;
				SDKROOT = iphoneos;
				TARGETED_DEVICE_FAMILY = "1,2";
				VALID_ARCHS = "armv7 arm64";
			};
			name = Debug;
		};
		858B835918CA111C00AB12DE /* Release */ = {
			isa = XCBuildConfiguration;
			buildSettings = {
				ALWAYS_SEARCH_USER_PATHS = NO;
				ARCHS = "$(ARCHS_STANDARD)";
				CLANG_CXX_LANGUAGE_STANDARD = "gnu++0x";
				CLANG_CXX_LIBRARY = "libc++";
				CLANG_ENABLE_MODULES = YES;
				CLANG_ENABLE_OBJC_ARC = YES;
				CLANG_WARN_BOOL_CONVERSION = YES;
				CLANG_WARN_CONSTANT_CONVERSION = YES;
				CLANG_WARN_DIRECT_OBJC_ISA_USAGE = YES_ERROR;
				CLANG_WARN_EMPTY_BODY = YES;
				CLANG_WARN_ENUM_CONVERSION = YES;
				CLANG_WARN_INT_CONVERSION = YES;
				CLANG_WARN_OBJC_ROOT_CLASS = YES_ERROR;
				CLANG_WARN__DUPLICATE_METHOD_MATCH = YES;
				"CODE_SIGN_IDENTITY[sdk=iphoneos*]" = "iPhone Developer";
				COPY_PHASE_STRIP = YES;
				ENABLE_NS_ASSERTIONS = NO;
				GCC_C_LANGUAGE_STANDARD = gnu99;
				GCC_WARN_64_TO_32_BIT_CONVERSION = YES;
				GCC_WARN_ABOUT_RETURN_TYPE = YES_ERROR;
				GCC_WARN_UNDECLARED_SELECTOR = YES;
				GCC_WARN_UNINITIALIZED_AUTOS = YES;
				GCC_WARN_UNUSED_FUNCTION = YES;
				GCC_WARN_UNUSED_VARIABLE = YES;
				IPHONEOS_DEPLOYMENT_TARGET = 8.0;
				SDKROOT = iphoneos;
				TARGETED_DEVICE_FAMILY = "1,2";
				VALIDATE_PRODUCT = YES;
				VALID_ARCHS = "armv7 arm64";
			};
			name = Release;
		};
		858B843118CA22B800AB12DE /* Debug */ = {
			isa = XCBuildConfiguration;
			baseConfigurationReference = CDD59A261BB43B5D00EC2671 /* build-debug.xcconfig */;
			buildSettings = {
				ARCHS = "$(ARCHS_STANDARD)";
				CLANG_ENABLE_MODULES = NO;
				CLANG_MODULES_AUTOLINK = NO;
				ENABLE_BITCODE = NO;
				GCC_PRECOMPILE_PREFIX_HEADER = YES;
				GCC_PREFIX_HEADER = "MonsterHunterWorldDB/MonsterHunterWorldDB-Prefix.pch";
				GCC_PREPROCESSOR_DEFINITIONS = (
					"$(inherited)",
					"DEBUG=1",
				);
				INFOPLIST_FILE = "$(SRCROOT)/MonsterHunterWorldDB/MonsterHunterWorldDB-Info.plist";
				LD_RUNPATH_SEARCH_PATHS = "$(inherited) @executable_path/Frameworks";
				PRODUCT_NAME = MonsterHunterWorldDB;
				VALID_ARCHS = "armv7 arm64";
				WRAPPER_EXTENSION = app;
				FRAMEWORK_SEARCH_PATHS = (
					"$(inherited)",
					"\"$(SRCROOT)/../../node_modules/nativescript-pro-ui/platforms/ios\"",
					"\"$(SRCROOT)/../../node_modules/nativescript-pro-ui/platforms/ios\"",
					"\"$(SRCROOT)/../../node_modules/nativescript-pro-ui/platforms/ios\"",
					"\"$(SRCROOT)/../../node_modules/nativescript-pro-ui/platforms/ios\"",
					"\"$(SRCROOT)/../../node_modules/nativescript-pro-ui/platforms/ios\"",
					"\"$(SRCROOT)/../../node_modules/nativescript-pro-ui/platforms/ios\"",
					"\"$(SRCROOT)/../../node_modules/nativescript-pro-ui/platforms/ios\"",
					"\"$(SRCROOT)/../../node_modules/nativescript-pro-ui/platforms/ios\"",
					"\"$(SRCROOT)/../../node_modules/nativescript-pro-ui/platforms/ios\"",
					"\"$(SRCROOT)/../../node_modules/tns-core-modules-widgets/platforms/ios\"",
				);
			};
			name = Debug;
		};
		858B843218CA22B800AB12DE /* Release */ = {
			isa = XCBuildConfiguration;
			baseConfigurationReference = CDD59A271BB43B5D00EC2671 /* build-release.xcconfig */;
			buildSettings = {
				ARCHS = "$(ARCHS_STANDARD)";
				CLANG_ENABLE_MODULES = NO;
				CLANG_MODULES_AUTOLINK = NO;
				ENABLE_BITCODE = NO;
				GCC_PRECOMPILE_PREFIX_HEADER = YES;
				GCC_PREFIX_HEADER = "MonsterHunterWorldDB/MonsterHunterWorldDB-Prefix.pch";
				INFOPLIST_FILE = "$(SRCROOT)/MonsterHunterWorldDB/MonsterHunterWorldDB-Info.plist";
				LD_RUNPATH_SEARCH_PATHS = "$(inherited) @executable_path/Frameworks";
				PRODUCT_NAME = MonsterHunterWorldDB;
				VALID_ARCHS = "armv7 arm64";
				WRAPPER_EXTENSION = app;
				FRAMEWORK_SEARCH_PATHS = (
					"$(inherited)",
					"\"$(SRCROOT)/../../node_modules/nativescript-pro-ui/platforms/ios\"",
					"\"$(SRCROOT)/../../node_modules/nativescript-pro-ui/platforms/ios\"",
					"\"$(SRCROOT)/../../node_modules/nativescript-pro-ui/platforms/ios\"",
					"\"$(SRCROOT)/../../node_modules/nativescript-pro-ui/platforms/ios\"",
					"\"$(SRCROOT)/../../node_modules/nativescript-pro-ui/platforms/ios\"",
					"\"$(SRCROOT)/../../node_modules/nativescript-pro-ui/platforms/ios\"",
					"\"$(SRCROOT)/../../node_modules/nativescript-pro-ui/platforms/ios\"",
					"\"$(SRCROOT)/../../node_modules/nativescript-pro-ui/platforms/ios\"",
					"\"$(SRCROOT)/../../node_modules/nativescript-pro-ui/platforms/ios\"",
					"\"$(SRCROOT)/../../node_modules/tns-core-modules-widgets/platforms/ios\"",
				);
			};
			name = Release;
		};
/* End XCBuildConfiguration section */

/* Begin XCConfigurationList section */
		858B832918CA111C00AB12DE /* Build configuration list for PBXProject "MonsterHunterWorldDB" */ = {
			isa = XCConfigurationList;
			buildConfigurations = (
				858B835818CA111C00AB12DE /* Debug */,
				858B835918CA111C00AB12DE /* Release */,
			);
			defaultConfigurationIsVisible = 0;
			defaultConfigurationName = Release;
		};
		858B843018CA22B800AB12DE /* Build configuration list for PBXNativeTarget "MonsterHunterWorldDB" */ = {
			isa = XCConfigurationList;
			buildConfigurations = (
				858B843118CA22B800AB12DE /* Debug */,
				858B843218CA22B800AB12DE /* Release */,
			);
			defaultConfigurationIsVisible = 0;
			defaultConfigurationName = Release;
		};
/* End XCConfigurationList section */
	};
	rootObject = 858B832618CA111C00AB12DE /* Project object */;
}
